lockfileVersion: '9.0'

settings:
  autoInstallPeers: true
  excludeLinksFromLockfile: false

importers:

  .:
    devDependencies:
      '@types/node':
        specifier: ^26.1.2
        version: 26.1.2
      prettier:
        specifier: ^3.6.2
        version: 3.9.6
      typescript:
        specifier: ^5.9.0
        version: 5.9.3

  packages/collect:
    dependencies:
      '@agentic-research/depgraph-core':
        specifier: workspace:*
        version: link:../core
    devDependencies:
      '@types/node':
        specifier: ^26.1.2
        version: 26.1.2
      typescript:
        specifier: ^5.9.0
        version: 5.9.3

  packages/core:
    dependencies:
      smol-toml:
        specifier: ^1.7.1
        version: 1.7.1
      zod:
        specifier: ^4.4.3
        version: 4.4.3
    devDependencies:
      typescript:
        specifier: ^5.9.0
        version: 5.9.3

packages:

  '@types/node@26.1.2':
    resolution: {integrity: sha512-Vu4a5UFA9rIIFJ7rB/Vaafh9lrCQszopTCx6KjFboXTGQbPNasehVR5TEiithSDGyd1DEiUByggTZsg8jukeIg==}

  prettier@3.9.6:
    resolution: {integrity: sha512-OpN0zzVdiaiAhxpuuj5efpIS4sY9j7bY6uR5mnj5yPzGkdkjNKSJeUThPb60Jw29QuAZgA4o+/iB49kFiaBX6g==}
    engines: {node: '>=14'}
    hasBin: true

  smol-toml@1.7.1:
    resolution: {integrity: sha512-PPlsspAZ4jbMBu5DMFhfUGDQLu/vrL4SyBROVS37x8ynnVmFIs1VPBz1Co8Xks3TvpIaZXmU85y4DrQ+UyVFoQ==}
    engines: {node: '>= 18'}

  typescript@5.9.3:
    resolution: {integrity: sha512-jl1vZzPDinLr9eUt3J/t7V6FgNEw9QjvBPdysz9KfQDD41fQrC2Y4vKQdiaUpFT4bXlb1RHhLpp8wtm6M5TgSw==}
    engines: {node: '>=14.17'}
    hasBin: true

  undici-types@8.3.0:
    resolution: {integrity: sha512-j375ScV60dom+YkPFIfTLcOiPxkN/buHz5GobjLhixFuANaNs3C9l4GmrWqejgXWJ7BbJcFYpTEUkS1Ge8bpZQ==}

  zod@4.4.3:
    resolution: {integrity: sha512-ytENFjIJFl2UwYglde2jchW2Hwm4GJFLDiSXWdTrJQBIN9Fcyp7n4DhxJEiWNAJMV1/BqWfW/kkg71UDcHJyTQ==}

snapshots:

  '@types/node@26.1.2':
    dependencies:
      undici-types: 8.3.0

  prettier@3.9.6: {}

  smol-toml@1.7.1: {}

  typescript@5.9.3: {}

  undici-types@8.3.0: {}

  zod@4.4.3: {}
